hash: 739e3f9d050be9a123b389ad313c0362ee0bb8c08d0cfd151859c588e9573246
updated: 2018-05-15T14:12:24.831066298+01:00
imports:
- name: github.com/aws/aws-sdk-go
  version: 85a81a15072b38078dd2114b87d34d02fa633c1c
  subpackages:
  - aws
  - aws/awserr
  - aws/awsutil
  - aws/client
  - aws/client/metadata
  - aws/corehandlers
  - aws/credentials
  - aws/credentials/ec2rolecreds
  - aws/credentials/endpointcreds
  - aws/credentials/stscreds
  - aws/defaults
  - aws/ec2metadata
  - aws/endpoints
  - aws/request
  - aws/session
  - aws/signer/v4
  - internal/sdkio
  - internal/sdkrand
  - internal/shareddefaults
  - private/protocol
  - private/protocol/query
  - private/protocol/query/queryutil
  - private/protocol/rest
  - private/protocol/xml/xmlutil
  - service/cloudwatch
  - service/sts
- name: github.com/beorn7/perks
  version: 4c0e84591b9aa9e6dcfdf3e020114cd81f89d5f9
  subpackages:
  - quantile
- name: github.com/go-ini/ini
  version: bda519ae5f4cbc60d391ff8610711627a08b86ae
- name: github.com/golang/protobuf
  version: 925541529c1fa6821df4e44ce2723319eb2be768
  subpackages:
  - proto
- name: github.com/influxdata/influxdb
  version: 200fda999f915dfc13c2b4030a2db6e0b08c689f
  subpackages:
  - client/v2
  - models
  - pkg/escape
- name: github.com/jmespath/go-jmespath
  version: c2b33e8439af944379acbdd9c3a5fe0bc44bd8a5
- name: github.com/matttproud/golang_protobuf_extensions
  version: 3247c84500bff8d9fb6d579d800f20b3e091582c
  subpackages:
  - pbutil
- name: github.com/prometheus/client_golang
  version: 82f5ff156b29e276022b1a958f7d385870fb9814
  subpackages:
  - prometheus
- name: github.com/prometheus/client_model
  version: 99fa1f4be8e564e8a6b613da7fa6f46c9edafc6c
  subpackages:
  - go
- name: github.com/prometheus/common
  version: e4aa40a9169a88835b849a6efb71e05dc04b88f0
  subpackages:
  - expfmt
  - internal/bitbucket.org/ww/goautoneg
  - model
- name: github.com/prometheus/procfs
  version: 54d17b57dd7d4a3aa092476596b3f8a933bde349
  subpackages:
  - internal/util
  - nfs
  - xfs
- name: github.com/Sirupsen/logrus
  version: bde08903c767a7f835dfbe69f769f4b3225f8b1b
- name: golang.org/x/crypto
  version: 81e90905daefcd6fd217b62423c0908922eadb30
  subpackages:
  - ssh/terminal
- name: golang.org/x/sys
  version: d8e400bc7db4870d786864138af681469693d18c
  subpackages:
  - unix
  - windows
testImports: []
